# THIS IS AN AUTOGENERATED FILE. DO NOT EDIT THIS FILE DIRECTLY.
# yarn lockfile v1


add@^2.0.6:
  version "2.0.6"
  resolved "https://artifactory.danskenet.net:443/artifactory/api/npm/joined-npm-build/add/-/add-2.0.6.tgz?dl=https://registry.npmjs.org/add/-/add-2.0.6.tgz#248f0a9f6e5a528ef2295dbeec30532130ae2235"

double-ended-queue@^2.1.0-0:
  version "2.1.0-0"
  resolved "https://artifactory.danskenet.net:443/artifactory/api/npm/joined-npm-build/double-ended-queue/-/double-ended-queue-2.1.0-0.tgz?dl=https://registry.npmjs.org/double-ended-queue/-/double-ended-queue-2.1.0-0.tgz#103d3527fd31528f40188130c841efdd78264e5c"

redis-commands@^1.2.0:
  version "1.4.0"
  resolved "https://artifactory.danskenet.net:443/artifactory/api/npm/joined-npm-build/redis-commands/-/redis-commands-1.4.0.tgz?dl=https://registry.npmjs.org/redis-commands/-/redis-commands-1.4.0.tgz#52f9cf99153efcce56a8f86af986bd04e988602f"

redis-parser@^2.6.0:
  version "2.6.0"
  resolved "https://artifactory.danskenet.net:443/artifactory/api/npm/joined-npm-build/redis-parser/-/redis-parser-2.6.0.tgz?dl=https://registry.npmjs.org/redis-parser/-/redis-parser-2.6.0.tgz#52ed09dacac108f1a631c07e9b69941e7a19504b"

redis@^2.8.0:
  version "2.8.0"
  resolved "https://artifactory.danskenet.net:443/artifactory/api/npm/joined-npm-build/redis/-/redis-2.8.0.tgz?dl=https://registry.npmjs.org/redis/-/redis-2.8.0.tgz#202288e3f58c49f6079d97af7a10e1303ae14b02"
  dependencies:
    double-ended-queue "^2.1.0-0"
    redis-commands "^1.2.0"
    redis-parser "^2.6.0"

yarn@^1.12.3:
  version "1.12.3"
  resolved "https://artifactory.danskenet.net:443/artifactory/api/npm/joined-npm-build/yarn/-/yarn-1.12.3.tgz?dl=https://registry.npmjs.org/yarn/-/yarn-1.12.3.tgz#fb4599bf1f8da01552bcc7e1571dfd4e53788203"
